
Microsoft Visual Studio Solution File, Format Version 12.00
# Visual Studio Version 16
VisualStudioVersion = 16.0.31424.327
MinimumVisualStudioVersion = 10.0.40219.1
Project("{FAE04EC0-301F-11D3-BF4B-00C04F79EFBC}") = "photo_converter", "photo_converter.csproj", "{DEA98F46-73B1-45A5-B1D1-6FC4DAB6862F}"
EndProject
Global
	GlobalSection(SolutionConfigurationPlatforms) = preSolution
		Debug|Any CPU = Debug|Any CPU
		Release|Any CPU = Release|Any CPU
	EndGlobalSection
	GlobalSection(ProjectConfigurationPlatforms) = postSolution
		{DEA98F46-73B1-45A5-B1D1-6FC4DAB6862F}.Debug|Any CPU.ActiveCfg = Debug|Any CPU
		{DEA98F46-73B1-45A5-B1D1-6FC4DAB6862F}.Debug|Any CPU.Build.0 = Debug|Any CPU
		{DEA98F46-73B1-45A5-B1D1-6FC4DAB6862F}.Release|Any CPU.ActiveCfg = Release|Any CPU
		{DEA98F46-73B1-45A5-B1D1-6FC4DAB6862F}.Release|Any CPU.Build.0 = Release|Any CPU
	EndGlobalSection
	GlobalSection(SolutionProperties) = preSolution
		HideSolutionNode = FALSE
	EndGlobalSection
	GlobalSection(ExtensibilityGlobals) = postSolution
		SolutionGuid = {C190B20D-C90E-482C-91E5-21CF74E8D369}
	EndGlobalSection
EndGlobal
